{
  "dependencies": {
    "apn": {
      "version": "http://registry.npmjs.org/apn/-/apn-1.4.2.tgz",
      "dependencies": {
        "q": {
          "version": "http://registry.npmjs.org/q/-/q-0.9.7.tgz"
        }
      }
    },
    "node-gcm": {
      "version": "http://registry.npmjs.org/node-gcm/-/node-gcm-0.9.6.tgz"
    }
  }
}
